Microsoft Visual Studio Solution File, Format Version 12.00
# Visual Studio Version 17
VisualStudioVersion = 17.7.34024.191
MinimumVisualStudioVersion = 10.0.40219.1
Project("{2150E333-8FDC-42A3-9474-1A3956D46DE8}") = "Documentation", "Documentation", "{069EBC5F-6863-431A-8576-D61EBE5B28FA}"
	ProjectSection(SolutionItems) = preProject
		..\docs\README.md = ..\docs\README.md
	EndProjectSection
EndProject
Project("{2150E333-8FDC-42A3-9474-1A3956D46DE8}") = "Libraries", "Libraries", "{AC8924A6-5141-4F21-B45D-016F5892027F}"
EndProject
Project("{2150E333-8FDC-42A3-9474-1A3956D46DE8}") = "UnitTests", "UnitTests", "{A5961018-6CCE-489B-ADCA-43DC5C63480E}"
EndProject
Project("{2150E333-8FDC-42A3-9474-1A3956D46DE8}") = "Tools", "Tools", "{D1DEBD67-8EB0-4119-A5DC-1F202475943C}"
EndProject
Project("{2150E333-8FDC-42A3-9474-1A3956D46DE8}") = "Solution Items", "Solution Items", "{5607DA60-4CD1-4EDF-ADCC-D642873D9045}"
	ProjectSection(SolutionItems) = preProject
		.editorconfig = .editorconfig
		..\.gitignore = ..\.gitignore
		..\LICENSE = ..\LICENSE
	EndProjectSection
EndProject
Project("{7CF6DF6D-3B04-46F8-A40B-537D21BCA0B4}") = "docgen", "DocGen\docgen.shfbproj", "{E0CCFF2A-C2DF-436C-B34C-A20215DA227A}"
EndProject
Project("{2150E333-8FDC-42A3-9474-1A3956D46DE8}") = "Adapters", "Adapters", "{6EC94694-B06C-4395-B73E-31647F988FBB}"
EndProject
Project("{9A19103F-16F7-4668-BE54-9A1E7A4F7556}") = "openHistorian.Adapters", "Libraries\Adapters\openHistorian.Adapters\openHistorian.Adapters.csproj", "{74DC0AA0-1B8A-47BF-BE38-4D7E15BAA259}"
EndProject
Project("{2150E333-8FDC-42A3-9474-1A3956D46DE8}") = "References", "References", "{1224947C-1CED-4EF2-9502-BC2D440F49D2}"
EndProject
Project("{9A19103F-16F7-4668-BE54-9A1E7A4F7556}") = "SnapDB", "..\..\SnapDB\src\SnapDB\SnapDB.csproj", "{ED2CE812-40F0-47F0-800B-0039E458F19B}"
EndProject
Project("{9A19103F-16F7-4668-BE54-9A1E7A4F7556}") = "Gemstone.Common", "..\..\..\gemstone\common\src\Gemstone\Gemstone.Common.csproj", "{CA015C57-B869-4743-9E28-2E12B2487E25}"
EndProject
Project("{9A19103F-16F7-4668-BE54-9A1E7A4F7556}") = "Gemstone.Communication", "..\..\..\gemstone\communication\src\Gemstone.Communication\Gemstone.Communication.csproj", "{E3061A41-167F-4171-8D8B-0B5EE89175E5}"
EndProject
Project("{9A19103F-16F7-4668-BE54-9A1E7A4F7556}") = "Gemstone.IO", "..\..\..\gemstone\io\src\Gemstone.IO\Gemstone.IO.csproj", "{53E5890B-D35A-47D3-ACCA-168C4075A9E1}"
EndProject
Project("{9A19103F-16F7-4668-BE54-9A1E7A4F7556}") = "Gemstone.Threading", "..\..\..\gemstone\threading\src\Gemstone.Threading\Gemstone.Threading.csproj", "{36F7F617-EACD-4303-8719-A2F54B272BFE}"
EndProject
Project("{9A19103F-16F7-4668-BE54-9A1E7A4F7556}") = "Gemstone.Diagnostics", "..\..\..\gemstone\diagnostics\src\Gemstone.Diagnostics\Gemstone.Diagnostics.csproj", "{CAA171E5-DBE6-4D84-B27B-CB129E8F9B5C}"
EndProject
Project("{9A19103F-16F7-4668-BE54-9A1E7A4F7556}") = "Gemstone.Security", "..\..\..\gemstone\security\src\Gemstone.Security\Gemstone.Security.csproj", "{DC18C8CF-7555-4235-9865-92924C774760}"
EndProject
Project("{9A19103F-16F7-4668-BE54-9A1E7A4F7556}") = "Gemstone.Numeric", "..\..\..\gemstone\numeric\src\Gemstone.Numeric\Gemstone.Numeric.csproj", "{A044774C-F22D-4A59-9516-2E78CB517940}"
EndProject
Project("{9A19103F-16F7-4668-BE54-9A1E7A4F7556}") = "Gemstone.Expressions", "..\..\..\gemstone\expressions\src\Gemstone.Expressions\Gemstone.Expressions.csproj", "{11F16880-BE91-45E3-86AD-9C81F26C1392}"
EndProject
Project("{9A19103F-16F7-4668-BE54-9A1E7A4F7556}") = "Gemstone.Data", "..\..\..\gemstone\data\src\Gemstone.Data\Gemstone.Data.csproj", "{E7254C17-E716-4552-B072-2431F6AD368D}"
EndProject
Project("{2150E333-8FDC-42A3-9474-1A3956D46DE8}") = "Applications", "Applications", "{BC15EE70-1273-4C44-9395-914ADE50FBE1}"
EndProject
Project("{9A19103F-16F7-4668-BE54-9A1E7A4F7556}") = "openHistorian", "Applications\openHistorian\openHistorian.csproj", "{C9E8BF8D-CE79-4CCA-A71C-D76A9A829A60}"
	ProjectSection(ProjectDependencies) = postProject
		{11F16880-BE91-45E3-86AD-9C81F26C1392} = {11F16880-BE91-45E3-86AD-9C81F26C1392}
		{36F7F617-EACD-4303-8719-A2F54B272BFE} = {36F7F617-EACD-4303-8719-A2F54B272BFE}
		{53E5890B-D35A-47D3-ACCA-168C4075A9E1} = {53E5890B-D35A-47D3-ACCA-168C4075A9E1}
		{A044774C-F22D-4A59-9516-2E78CB517940} = {A044774C-F22D-4A59-9516-2E78CB517940}
		{CAA171E5-DBE6-4D84-B27B-CB129E8F9B5C} = {CAA171E5-DBE6-4D84-B27B-CB129E8F9B5C}
		{DC18C8CF-7555-4235-9865-92924C774760} = {DC18C8CF-7555-4235-9865-92924C774760}
		{E3061A41-167F-4171-8D8B-0B5EE89175E5} = {E3061A41-167F-4171-8D8B-0B5EE89175E5}
		{ED2CE812-40F0-47F0-800B-0039E458F19B} = {ED2CE812-40F0-47F0-800B-0039E458F19B}
	EndProjectSection
EndProject
Project("{9A19103F-16F7-4668-BE54-9A1E7A4F7556}") = "Gemstone.Configuration", "..\..\..\gemstone\configuration\src\Gemstone.Configuration\Gemstone.Configuration.csproj", "{2E7DA3C0-A287-4B89-9834-2A458CB4CDF5}"
EndProject
Project("{9A19103F-16F7-4668-BE54-9A1E7A4F7556}") = "Gemstone.Timeseries", "..\..\..\gemstone\timeseries\src\Gemstone.Timeseries\Gemstone.Timeseries.csproj", "{697F3644-8BB1-4137-A2C1-4EEC19A2E0B2}"
EndProject
Project("{9A19103F-16F7-4668-BE54-9A1E7A4F7556}") = "openHistorian.WebUI", "Applications\openHistorian.WebUI\openHistorian.WebUI.csproj", "{A6F3A64A-8F68-4BBC-B325-86626A07DFC2}"
EndProject
Project("{9A19103F-16F7-4668-BE54-9A1E7A4F7556}") = "SchemaDefinition", "Applications\SchemaDefinition\SchemaDefinition.csproj", "{DA1B09B4-8776-45F3-AF8F-B95698415934}"
EndProject
Project("{9A19103F-16F7-4668-BE54-9A1E7A4F7556}") = "Gemstone.PhasorProtocols", "..\..\..\gemstone\phasor-protocols\src\Gemstone.PhasorProtocols\Gemstone.PhasorProtocols.csproj", "{29046651-E436-4A2F-9B6E-77ABEED53CD0}"
EndProject
Project("{9A19103F-16F7-4668-BE54-9A1E7A4F7556}") = "Gemstone.Web", "..\..\..\gemstone\web\src\Gemstone.Web\Gemstone.Web.csproj", "{933E1B6B-D73F-4E10-90E3-805464FB3AF8}"
EndProject
Project("{9A19103F-16F7-4668-BE54-9A1E7A4F7556}") = "ServiceInterface", "Libraries\ServiceInterface\ServiceInterface.csproj", "{6C14B94E-45AB-4CF4-A12D-3555320A8F2C}"
EndProject
Project("{9A19103F-16F7-4668-BE54-9A1E7A4F7556}") = "PhasorProtocolAdapters", "Libraries\Adapters\PhasorProtocolAdapters\PhasorProtocolAdapters.csproj", "{DBAA1336-4597-4FA2-A51C-25D8213D95D9}"
EndProject
Project("{9A19103F-16F7-4668-BE54-9A1E7A4F7556}") = "openHistorian.Core", "Libraries\openHistorian.Core\openHistorian.Core.csproj", "{F0F36A2C-BAEA-44C4-AD01-D61B81855E94}"
EndProject
Project("{9A19103F-16F7-4668-BE54-9A1E7A4F7556}") = "DataExtractionUtility", "Tools\DataExtractionUtility\DataExtractionUtility.csproj", "{8F477BB8-2277-43E3-BF0B-035B0F4F1B46}"
EndProject
Project("{FAE04EC0-301F-11D3-BF4B-00C04F79EFBC}") = "PowerCalculations", "Libraries\Adapters\PowerCalculations\PowerCalculations.csproj", "{4F21DCCC-E8ED-49D3-9A24-1B4C82B7EA63}"
EndProject
Project("{FAE04EC0-301F-11D3-BF4B-00C04F79EFBC}") = "ServiceActions", "Tools\ServiceActions\ServiceActions.csproj", "{5B53A767-A2FB-4D54-8EA7-0D97E6CCD2FE}"
EndProject
Project("{FAE04EC0-301F-11D3-BF4B-00C04F79EFBC}") = "FileAdapters", "Libraries\Adapters\FileAdapters\FileAdapters.csproj", "{8A757E0D-A6B6-4339-8F48-4C000118DB9B}"
EndProject
Project("{FAE04EC0-301F-11D3-BF4B-00C04F79EFBC}") = "AdaptersUI", "Libraries\Adapters\AdaptersUI\AdaptersUI.csproj", "{771BCA52-E47F-4FD2-AC25-0D78C0901C16}"
EndProject
Project("{FAE04EC0-301F-11D3-BF4B-00C04F79EFBC}") = "CSVAdapters", "Libraries\Adapters\CSVAdapters\CSVAdapters.csproj", "{CDD699C4-5430-474A-A492-3E8641A66214}"
EndProject
Project("{FAE04EC0-301F-11D3-BF4B-00C04F79EFBC}") = "GrafanaAdapters", "Libraries\Adapters\GrafanaAdapters\GrafanaAdapters.csproj", "{C0EEB959-6101-4527-862A-1835BF3A328A}"
EndProject
Project("{FAE04EC0-301F-11D3-BF4B-00C04F79EFBC}") = "TestingAdapters", "Libraries\Adapters\TestingAdapters\TestingAdapters.csproj", "{6A0B55FB-E72A-4A83-96E8-F84B50310535}"
EndProject
Project("{2150E333-8FDC-42A3-9474-1A3956D46DE8}") = "OpenHistorian", "OpenHistorian", "{8EE8DB49-5475-4030-B49A-8D3FF6E56CFE}"
EndProject
Project("{FAE04EC0-301F-11D3-BF4B-00C04F79EFBC}") = "openHistorian.UnitTests", "UnitTests\OpenHistorian\openHistorian.UnitTests.csproj", "{5DF1040E-282E-42E0-842A-8B5E4BCDC97C}"
EndProject
Project("{2150E333-8FDC-42A3-9474-1A3956D46DE8}") = "Adapter", "Adapter", "{73DCFB38-A031-441A-8120-9461DB3466FF}"
EndProject
Project("{FAE04EC0-301F-11D3-BF4B-00C04F79EFBC}") = "Adapter.UnitTests", "UnitTests\Adapter\Adapter.UnitTests.csproj", "{B8973A26-7294-430F-8146-9DE15AE4E52A}"
EndProject
Project("{FAE04EC0-301F-11D3-BF4B-00C04F79EFBC}") = "DynamicCalculator", "Libraries\Adapters\DynamicCalculator\DynamicCalculator.csproj", "{48BF942A-800E-4818-8874-EE9F0B461F60}"
EndProject
Global
	GlobalSection(SolutionConfigurationPlatforms) = preSolution
		Debug|Any CPU = Debug|Any CPU
		Development|Any CPU = Development|Any CPU
		Mono|Any CPU = Mono|Any CPU
		Release|Any CPU = Release|Any CPU
	EndGlobalSection
	GlobalSection(ProjectConfigurationPlatforms) = postSolution
		{E0CCFF2A-C2DF-436C-B34C-A20215DA227A}.Debug|Any CPU.ActiveCfg = Debug|Any CPU
		{E0CCFF2A-C2DF-436C-B34C-A20215DA227A}.Development|Any CPU.ActiveCfg = Debug|Any CPU
		{E0CCFF2A-C2DF-436C-B34C-A20215DA227A}.Mono|Any CPU.ActiveCfg = Release|Any CPU
		{E0CCFF2A-C2DF-436C-B34C-A20215DA227A}.Mono|Any CPU.Build.0 = Release|Any CPU
		{E0CCFF2A-C2DF-436C-B34C-A20215DA227A}.Release|Any CPU.ActiveCfg = Debug|Any CPU
		{74DC0AA0-1B8A-47BF-BE38-4D7E15BAA259}.Debug|Any CPU.ActiveCfg = Debug|Any CPU
		{74DC0AA0-1B8A-47BF-BE38-4D7E15BAA259}.Debug|Any CPU.Build.0 = Debug|Any CPU
		{74DC0AA0-1B8A-47BF-BE38-4D7E15BAA259}.Development|Any CPU.ActiveCfg = Development|Any CPU
		{74DC0AA0-1B8A-47BF-BE38-4D7E15BAA259}.Development|Any CPU.Build.0 = Development|Any CPU
		{74DC0AA0-1B8A-47BF-BE38-4D7E15BAA259}.Mono|Any CPU.ActiveCfg = Release|Any CPU
		{74DC0AA0-1B8A-47BF-BE38-4D7E15BAA259}.Mono|Any CPU.Build.0 = Release|Any CPU
		{74DC0AA0-1B8A-47BF-BE38-4D7E15BAA259}.Release|Any CPU.ActiveCfg = Release|Any CPU
		{74DC0AA0-1B8A-47BF-BE38-4D7E15BAA259}.Release|Any CPU.Build.0 = Release|Any CPU
		{ED2CE812-40F0-47F0-800B-0039E458F19B}.Debug|Any CPU.ActiveCfg = Debug|Any CPU
		{ED2CE812-40F0-47F0-800B-0039E458F19B}.Debug|Any CPU.Build.0 = Debug|Any CPU
		{ED2CE812-40F0-47F0-800B-0039E458F19B}.Development|Any CPU.ActiveCfg = Development|Any CPU
		{ED2CE812-40F0-47F0-800B-0039E458F19B}.Development|Any CPU.Build.0 = Development|Any CPU
		{ED2CE812-40F0-47F0-800B-0039E458F19B}.Mono|Any CPU.ActiveCfg = Release|Any CPU
		{ED2CE812-40F0-47F0-800B-0039E458F19B}.Mono|Any CPU.Build.0 = Release|Any CPU
		{ED2CE812-40F0-47F0-800B-0039E458F19B}.Release|Any CPU.ActiveCfg = Release|Any CPU
		{ED2CE812-40F0-47F0-800B-0039E458F19B}.Release|Any CPU.Build.0 = Release|Any CPU
		{CA015C57-B869-4743-9E28-2E12B2487E25}.Debug|Any CPU.ActiveCfg = Debug|Any CPU
		{CA015C57-B869-4743-9E28-2E12B2487E25}.Debug|Any CPU.Build.0 = Debug|Any CPU
		{CA015C57-B869-4743-9E28-2E12B2487E25}.Development|Any CPU.ActiveCfg = Development|Any CPU
		{CA015C57-B869-4743-9E28-2E12B2487E25}.Development|Any CPU.Build.0 = Development|Any CPU
		{CA015C57-B869-4743-9E28-2E12B2487E25}.Mono|Any CPU.ActiveCfg = Release|Any CPU
		{CA015C57-B869-4743-9E28-2E12B2487E25}.Mono|Any CPU.Build.0 = Release|Any CPU
		{CA015C57-B869-4743-9E28-2E12B2487E25}.Release|Any CPU.ActiveCfg = Release|Any CPU
		{CA015C57-B869-4743-9E28-2E12B2487E25}.Release|Any CPU.Build.0 = Release|Any CPU
		{E3061A41-167F-4171-8D8B-0B5EE89175E5}.Debug|Any CPU.ActiveCfg = Debug|Any CPU
		{E3061A41-167F-4171-8D8B-0B5EE89175E5}.Debug|Any CPU.Build.0 = Debug|Any CPU
		{E3061A41-167F-4171-8D8B-0B5EE89175E5}.Development|Any CPU.ActiveCfg = Development|Any CPU
		{E3061A41-167F-4171-8D8B-0B5EE89175E5}.Development|Any CPU.Build.0 = Development|Any CPU
		{E3061A41-167F-4171-8D8B-0B5EE89175E5}.Mono|Any CPU.ActiveCfg = Release|Any CPU
		{E3061A41-167F-4171-8D8B-0B5EE89175E5}.Mono|Any CPU.Build.0 = Release|Any CPU
		{E3061A41-167F-4171-8D8B-0B5EE89175E5}.Release|Any CPU.ActiveCfg = Release|Any CPU
		{E3061A41-167F-4171-8D8B-0B5EE89175E5}.Release|Any CPU.Build.0 = Release|Any CPU
		{53E5890B-D35A-47D3-ACCA-168C4075A9E1}.Debug|Any CPU.ActiveCfg = Debug|Any CPU
		{53E5890B-D35A-47D3-ACCA-168C4075A9E1}.Debug|Any CPU.Build.0 = Debug|Any CPU
		{53E5890B-D35A-47D3-ACCA-168C4075A9E1}.Development|Any CPU.ActiveCfg = Development|Any CPU
		{53E5890B-D35A-47D3-ACCA-168C4075A9E1}.Development|Any CPU.Build.0 = Development|Any CPU
		{53E5890B-D35A-47D3-ACCA-168C4075A9E1}.Mono|Any CPU.ActiveCfg = Release|Any CPU
		{53E5890B-D35A-47D3-ACCA-168C4075A9E1}.Mono|Any CPU.Build.0 = Release|Any CPU
		{53E5890B-D35A-47D3-ACCA-168C4075A9E1}.Release|Any CPU.ActiveCfg = Release|Any CPU
		{53E5890B-D35A-47D3-ACCA-168C4075A9E1}.Release|Any CPU.Build.0 = Release|Any CPU
		{36F7F617-EACD-4303-8719-A2F54B272BFE}.Debug|Any CPU.ActiveCfg = Debug|Any CPU
		{36F7F617-EACD-4303-8719-A2F54B272BFE}.Debug|Any CPU.Build.0 = Debug|Any CPU
		{36F7F617-EACD-4303-8719-A2F54B272BFE}.Development|Any CPU.ActiveCfg = Development|Any CPU
		{36F7F617-EACD-4303-8719-A2F54B272BFE}.Development|Any CPU.Build.0 = Development|Any CPU
		{36F7F617-EACD-4303-8719-A2F54B272BFE}.Mono|Any CPU.ActiveCfg = Release|Any CPU
		{36F7F617-EACD-4303-8719-A2F54B272BFE}.Mono|Any CPU.Build.0 = Release|Any CPU
		{36F7F617-EACD-4303-8719-A2F54B272BFE}.Release|Any CPU.ActiveCfg = Release|Any CPU
		{36F7F617-EACD-4303-8719-A2F54B272BFE}.Release|Any CPU.Build.0 = Release|Any CPU
		{CAA171E5-DBE6-4D84-B27B-CB129E8F9B5C}.Debug|Any CPU.ActiveCfg = Debug|Any CPU
		{CAA171E5-DBE6-4D84-B27B-CB129E8F9B5C}.Debug|Any CPU.Build.0 = Debug|Any CPU
		{CAA171E5-DBE6-4D84-B27B-CB129E8F9B5C}.Development|Any CPU.ActiveCfg = Development|Any CPU
		{CAA171E5-DBE6-4D84-B27B-CB129E8F9B5C}.Development|Any CPU.Build.0 = Development|Any CPU
		{CAA171E5-DBE6-4D84-B27B-CB129E8F9B5C}.Mono|Any CPU.ActiveCfg = Release|Any CPU
		{CAA171E5-DBE6-4D84-B27B-CB129E8F9B5C}.Mono|Any CPU.Build.0 = Release|Any CPU
		{CAA171E5-DBE6-4D84-B27B-CB129E8F9B5C}.Release|Any CPU.ActiveCfg = Release|Any CPU
		{CAA171E5-DBE6-4D84-B27B-CB129E8F9B5C}.Release|Any CPU.Build.0 = Release|Any CPU
		{DC18C8CF-7555-4235-9865-92924C774760}.Debug|Any CPU.ActiveCfg = Debug|Any CPU
		{DC18C8CF-7555-4235-9865-92924C774760}.Debug|Any CPU.Build.0 = Debug|Any CPU
		{DC18C8CF-7555-4235-9865-92924C774760}.Development|Any CPU.ActiveCfg = Development|Any CPU
		{DC18C8CF-7555-4235-9865-92924C774760}.Development|Any CPU.Build.0 = Development|Any CPU
		{DC18C8CF-7555-4235-9865-92924C774760}.Mono|Any CPU.ActiveCfg = Release|Any CPU
		{DC18C8CF-7555-4235-9865-92924C774760}.Mono|Any CPU.Build.0 = Release|Any CPU
		{DC18C8CF-7555-4235-9865-92924C774760}.Release|Any CPU.ActiveCfg = Release|Any CPU
		{DC18C8CF-7555-4235-9865-92924C774760}.Release|Any CPU.Build.0 = Release|Any CPU
		{A044774C-F22D-4A59-9516-2E78CB517940}.Debug|Any CPU.ActiveCfg = Debug|Any CPU
		{A044774C-F22D-4A59-9516-2E78CB517940}.Debug|Any CPU.Build.0 = Debug|Any CPU
		{A044774C-F22D-4A59-9516-2E78CB517940}.Development|Any CPU.ActiveCfg = Development|Any CPU
		{A044774C-F22D-4A59-9516-2E78CB517940}.Development|Any CPU.Build.0 = Development|Any CPU
		{A044774C-F22D-4A59-9516-2E78CB517940}.Mono|Any CPU.ActiveCfg = Release|Any CPU
		{A044774C-F22D-4A59-9516-2E78CB517940}.Mono|Any CPU.Build.0 = Release|Any CPU
		{A044774C-F22D-4A59-9516-2E78CB517940}.Release|Any CPU.ActiveCfg = Release|Any CPU
		{A044774C-F22D-4A59-9516-2E78CB517940}.Release|Any CPU.Build.0 = Release|Any CPU
		{11F16880-BE91-45E3-86AD-9C81F26C1392}.Debug|Any CPU.ActiveCfg = Debug|Any CPU
		{11F16880-BE91-45E3-86AD-9C81F26C1392}.Debug|Any CPU.Build.0 = Debug|Any CPU
		{11F16880-BE91-45E3-86AD-9C81F26C1392}.Development|Any CPU.ActiveCfg = Development|Any CPU
		{11F16880-BE91-45E3-86AD-9C81F26C1392}.Development|Any CPU.Build.0 = Development|Any CPU
		{11F16880-BE91-45E3-86AD-9C81F26C1392}.Mono|Any CPU.ActiveCfg = Release|Any CPU
		{11F16880-BE91-45E3-86AD-9C81F26C1392}.Mono|Any CPU.Build.0 = Release|Any CPU
		{11F16880-BE91-45E3-86AD-9C81F26C1392}.Release|Any CPU.ActiveCfg = Release|Any CPU
		{11F16880-BE91-45E3-86AD-9C81F26C1392}.Release|Any CPU.Build.0 = Release|Any CPU
		{E7254C17-E716-4552-B072-2431F6AD368D}.Debug|Any CPU.ActiveCfg = Debug|Any CPU
		{E7254C17-E716-4552-B072-2431F6AD368D}.Debug|Any CPU.Build.0 = Debug|Any CPU
		{E7254C17-E716-4552-B072-2431F6AD368D}.Development|Any CPU.ActiveCfg = Development|Any CPU
		{E7254C17-E716-4552-B072-2431F6AD368D}.Development|Any CPU.Build.0 = Development|Any CPU
		{E7254C17-E716-4552-B072-2431F6AD368D}.Mono|Any CPU.ActiveCfg = Release|Any CPU
		{E7254C17-E716-4552-B072-2431F6AD368D}.Mono|Any CPU.Build.0 = Release|Any CPU
		{E7254C17-E716-4552-B072-2431F6AD368D}.Release|Any CPU.ActiveCfg = Release|Any CPU
		{E7254C17-E716-4552-B072-2431F6AD368D}.Release|Any CPU.Build.0 = Release|Any CPU
		{C9E8BF8D-CE79-4CCA-A71C-D76A9A829A60}.Debug|Any CPU.ActiveCfg = Debug|Any CPU
		{C9E8BF8D-CE79-4CCA-A71C-D76A9A829A60}.Debug|Any CPU.Build.0 = Debug|Any CPU
		{C9E8BF8D-CE79-4CCA-A71C-D76A9A829A60}.Development|Any CPU.ActiveCfg = Development|Any CPU
		{C9E8BF8D-CE79-4CCA-A71C-D76A9A829A60}.Development|Any CPU.Build.0 = Development|Any CPU
		{C9E8BF8D-CE79-4CCA-A71C-D76A9A829A60}.Mono|Any CPU.ActiveCfg = Release|Any CPU
		{C9E8BF8D-CE79-4CCA-A71C-D76A9A829A60}.Mono|Any CPU.Build.0 = Release|Any CPU
		{C9E8BF8D-CE79-4CCA-A71C-D76A9A829A60}.Release|Any CPU.ActiveCfg = Release|Any CPU
		{C9E8BF8D-CE79-4CCA-A71C-D76A9A829A60}.Release|Any CPU.Build.0 = Release|Any CPU
		{2E7DA3C0-A287-4B89-9834-2A458CB4CDF5}.Debug|Any CPU.ActiveCfg = Debug|Any CPU
		{2E7DA3C0-A287-4B89-9834-2A458CB4CDF5}.Debug|Any CPU.Build.0 = Debug|Any CPU
		{2E7DA3C0-A287-4B89-9834-2A458CB4CDF5}.Development|Any CPU.ActiveCfg = Development|Any CPU
		{2E7DA3C0-A287-4B89-9834-2A458CB4CDF5}.Development|Any CPU.Build.0 = Development|Any CPU
		{2E7DA3C0-A287-4B89-9834-2A458CB4CDF5}.Mono|Any CPU.ActiveCfg = Release|Any CPU
		{2E7DA3C0-A287-4B89-9834-2A458CB4CDF5}.Mono|Any CPU.Build.0 = Release|Any CPU
		{2E7DA3C0-A287-4B89-9834-2A458CB4CDF5}.Release|Any CPU.ActiveCfg = Release|Any CPU
		{2E7DA3C0-A287-4B89-9834-2A458CB4CDF5}.Release|Any CPU.Build.0 = Release|Any CPU
		{697F3644-8BB1-4137-A2C1-4EEC19A2E0B2}.Debug|Any CPU.ActiveCfg = Debug|Any CPU
		{697F3644-8BB1-4137-A2C1-4EEC19A2E0B2}.Debug|Any CPU.Build.0 = Debug|Any CPU
		{697F3644-8BB1-4137-A2C1-4EEC19A2E0B2}.Development|Any CPU.ActiveCfg = Development|Any CPU
		{697F3644-8BB1-4137-A2C1-4EEC19A2E0B2}.Development|Any CPU.Build.0 = Development|Any CPU
		{697F3644-8BB1-4137-A2C1-4EEC19A2E0B2}.Mono|Any CPU.ActiveCfg = Release|Any CPU
		{697F3644-8BB1-4137-A2C1-4EEC19A2E0B2}.Mono|Any CPU.Build.0 = Release|Any CPU
		{697F3644-8BB1-4137-A2C1-4EEC19A2E0B2}.Release|Any CPU.ActiveCfg = Release|Any CPU
		{697F3644-8BB1-4137-A2C1-4EEC19A2E0B2}.Release|Any CPU.Build.0 = Release|Any CPU
		{A6F3A64A-8F68-4BBC-B325-86626A07DFC2}.Debug|Any CPU.ActiveCfg = Debug|Any CPU
		{A6F3A64A-8F68-4BBC-B325-86626A07DFC2}.Debug|Any CPU.Build.0 = Debug|Any CPU
		{A6F3A64A-8F68-4BBC-B325-86626A07DFC2}.Development|Any CPU.ActiveCfg = Development|Any CPU
		{A6F3A64A-8F68-4BBC-B325-86626A07DFC2}.Development|Any CPU.Build.0 = Development|Any CPU
		{A6F3A64A-8F68-4BBC-B325-86626A07DFC2}.Mono|Any CPU.ActiveCfg = Release|Any CPU
		{A6F3A64A-8F68-4BBC-B325-86626A07DFC2}.Mono|Any CPU.Build.0 = Release|Any CPU
		{A6F3A64A-8F68-4BBC-B325-86626A07DFC2}.Release|Any CPU.ActiveCfg = Release|Any CPU
		{A6F3A64A-8F68-4BBC-B325-86626A07DFC2}.Release|Any CPU.Build.0 = Release|Any CPU
		{DA1B09B4-8776-45F3-AF8F-B95698415934}.Debug|Any CPU.ActiveCfg = Debug|Any CPU
		{DA1B09B4-8776-45F3-AF8F-B95698415934}.Debug|Any CPU.Build.0 = Debug|Any CPU
		{DA1B09B4-8776-45F3-AF8F-B95698415934}.Development|Any CPU.ActiveCfg = Development|Any CPU
		{DA1B09B4-8776-45F3-AF8F-B95698415934}.Development|Any CPU.Build.0 = Development|Any CPU
		{DA1B09B4-8776-45F3-AF8F-B95698415934}.Mono|Any CPU.ActiveCfg = Release|Any CPU
		{DA1B09B4-8776-45F3-AF8F-B95698415934}.Mono|Any CPU.Build.0 = Release|Any CPU
		{DA1B09B4-8776-45F3-AF8F-B95698415934}.Release|Any CPU.ActiveCfg = Release|Any CPU
		{DA1B09B4-8776-45F3-AF8F-B95698415934}.Release|Any CPU.Build.0 = Release|Any CPU
		{29046651-E436-4A2F-9B6E-77ABEED53CD0}.Debug|Any CPU.ActiveCfg = Debug|Any CPU
		{29046651-E436-4A2F-9B6E-77ABEED53CD0}.Debug|Any CPU.Build.0 = Debug|Any CPU
		{29046651-E436-4A2F-9B6E-77ABEED53CD0}.Development|Any CPU.ActiveCfg = Development|Any CPU
		{29046651-E436-4A2F-9B6E-77ABEED53CD0}.Development|Any CPU.Build.0 = Development|Any CPU
		{29046651-E436-4A2F-9B6E-77ABEED53CD0}.Mono|Any CPU.ActiveCfg = Release|Any CPU
		{29046651-E436-4A2F-9B6E-77ABEED53CD0}.Mono|Any CPU.Build.0 = Release|Any CPU
		{29046651-E436-4A2F-9B6E-77ABEED53CD0}.Release|Any CPU.ActiveCfg = Release|Any CPU
		{29046651-E436-4A2F-9B6E-77ABEED53CD0}.Release|Any CPU.Build.0 = Release|Any CPU
		{933E1B6B-D73F-4E10-90E3-805464FB3AF8}.Debug|Any CPU.ActiveCfg = Debug|Any CPU
		{933E1B6B-D73F-4E10-90E3-805464FB3AF8}.Debug|Any CPU.Build.0 = Debug|Any CPU
		{933E1B6B-D73F-4E10-90E3-805464FB3AF8}.Development|Any CPU.ActiveCfg = Development|Any CPU
		{933E1B6B-D73F-4E10-90E3-805464FB3AF8}.Development|Any CPU.Build.0 = Development|Any CPU
		{933E1B6B-D73F-4E10-90E3-805464FB3AF8}.Mono|Any CPU.ActiveCfg = Release|Any CPU
		{933E1B6B-D73F-4E10-90E3-805464FB3AF8}.Mono|Any CPU.Build.0 = Release|Any CPU
		{933E1B6B-D73F-4E10-90E3-805464FB3AF8}.Release|Any CPU.ActiveCfg = Release|Any CPU
		{933E1B6B-D73F-4E10-90E3-805464FB3AF8}.Release|Any CPU.Build.0 = Release|Any CPU
		{6C14B94E-45AB-4CF4-A12D-3555320A8F2C}.Debug|Any CPU.ActiveCfg = Debug|Any CPU
		{6C14B94E-45AB-4CF4-A12D-3555320A8F2C}.Debug|Any CPU.Build.0 = Debug|Any CPU
		{6C14B94E-45AB-4CF4-A12D-3555320A8F2C}.Development|Any CPU.ActiveCfg = Development|Any CPU
		{6C14B94E-45AB-4CF4-A12D-3555320A8F2C}.Development|Any CPU.Build.0 = Development|Any CPU
		{6C14B94E-45AB-4CF4-A12D-3555320A8F2C}.Mono|Any CPU.ActiveCfg = Release|Any CPU
		{6C14B94E-45AB-4CF4-A12D-3555320A8F2C}.Mono|Any CPU.Build.0 = Release|Any CPU
		{6C14B94E-45AB-4CF4-A12D-3555320A8F2C}.Release|Any CPU.ActiveCfg = Release|Any CPU
		{6C14B94E-45AB-4CF4-A12D-3555320A8F2C}.Release|Any CPU.Build.0 = Release|Any CPU
		{DBAA1336-4597-4FA2-A51C-25D8213D95D9}.Debug|Any CPU.ActiveCfg = Debug|Any CPU
		{DBAA1336-4597-4FA2-A51C-25D8213D95D9}.Debug|Any CPU.Build.0 = Debug|Any CPU
		{DBAA1336-4597-4FA2-A51C-25D8213D95D9}.Development|Any CPU.ActiveCfg = Development|Any CPU
		{DBAA1336-4597-4FA2-A51C-25D8213D95D9}.Development|Any CPU.Build.0 = Development|Any CPU
		{DBAA1336-4597-4FA2-A51C-25D8213D95D9}.Mono|Any CPU.ActiveCfg = Release|Any CPU
		{DBAA1336-4597-4FA2-A51C-25D8213D95D9}.Mono|Any CPU.Build.0 = Release|Any CPU
		{DBAA1336-4597-4FA2-A51C-25D8213D95D9}.Release|Any CPU.ActiveCfg = Release|Any CPU
		{DBAA1336-4597-4FA2-A51C-25D8213D95D9}.Release|Any CPU.Build.0 = Release|Any CPU
		{F0F36A2C-BAEA-44C4-AD01-D61B81855E94}.Debug|Any CPU.ActiveCfg = Debug|Any CPU
		{F0F36A2C-BAEA-44C4-AD01-D61B81855E94}.Debug|Any CPU.Build.0 = Debug|Any CPU
		{F0F36A2C-BAEA-44C4-AD01-D61B81855E94}.Development|Any CPU.ActiveCfg = Development|Any CPU
		{F0F36A2C-BAEA-44C4-AD01-D61B81855E94}.Development|Any CPU.Build.0 = Development|Any CPU
		{F0F36A2C-BAEA-44C4-AD01-D61B81855E94}.Mono|Any CPU.ActiveCfg = Release|Any CPU
		{F0F36A2C-BAEA-44C4-AD01-D61B81855E94}.Mono|Any CPU.Build.0 = Release|Any CPU
		{F0F36A2C-BAEA-44C4-AD01-D61B81855E94}.Release|Any CPU.ActiveCfg = Release|Any CPU
		{F0F36A2C-BAEA-44C4-AD01-D61B81855E94}.Release|Any CPU.Build.0 = Release|Any CPU
		{8F477BB8-2277-43E3-BF0B-035B0F4F1B46}.Debug|Any CPU.ActiveCfg = Debug|Any CPU
		{8F477BB8-2277-43E3-BF0B-035B0F4F1B46}.Debug|Any CPU.Build.0 = Debug|Any CPU
		{8F477BB8-2277-43E3-BF0B-035B0F4F1B46}.Development|Any CPU.ActiveCfg = Debug|Any CPU
		{8F477BB8-2277-43E3-BF0B-035B0F4F1B46}.Mono|Any CPU.ActiveCfg = Mono|Any CPU
		{8F477BB8-2277-43E3-BF0B-035B0F4F1B46}.Mono|Any CPU.Build.0 = Mono|Any CPU
		{8F477BB8-2277-43E3-BF0B-035B0F4F1B46}.Release|Any CPU.ActiveCfg = Release|Any CPU
		{8F477BB8-2277-43E3-BF0B-035B0F4F1B46}.Release|Any CPU.Build.0 = Release|Any CPU
		{4F21DCCC-E8ED-49D3-9A24-1B4C82B7EA63}.Debug|Any CPU.ActiveCfg = Debug|Any CPU
		{4F21DCCC-E8ED-49D3-9A24-1B4C82B7EA63}.Debug|Any CPU.Build.0 = Debug|Any CPU
		{4F21DCCC-E8ED-49D3-9A24-1B4C82B7EA63}.Development|Any CPU.ActiveCfg = Development|Any CPU
		{4F21DCCC-E8ED-49D3-9A24-1B4C82B7EA63}.Development|Any CPU.Build.0 = Development|Any CPU
		{4F21DCCC-E8ED-49D3-9A24-1B4C82B7EA63}.Mono|Any CPU.ActiveCfg = Debug|Any CPU
		{4F21DCCC-E8ED-49D3-9A24-1B4C82B7EA63}.Mono|Any CPU.Build.0 = Debug|Any CPU
		{4F21DCCC-E8ED-49D3-9A24-1B4C82B7EA63}.Release|Any CPU.ActiveCfg = Release|Any CPU
		{4F21DCCC-E8ED-49D3-9A24-1B4C82B7EA63}.Release|Any CPU.Build.0 = Release|Any CPU
		{5B53A767-A2FB-4D54-8EA7-0D97E6CCD2FE}.Debug|Any CPU.ActiveCfg = Debug|Any CPU
		{5B53A767-A2FB-4D54-8EA7-0D97E6CCD2FE}.Debug|Any CPU.Build.0 = Debug|Any CPU
		{5B53A767-A2FB-4D54-8EA7-0D97E6CCD2FE}.Development|Any CPU.ActiveCfg = Debug|Any CPU
		{5B53A767-A2FB-4D54-8EA7-0D97E6CCD2FE}.Development|Any CPU.Build.0 = Debug|Any CPU
		{5B53A767-A2FB-4D54-8EA7-0D97E6CCD2FE}.Mono|Any CPU.ActiveCfg = Debug|Any CPU
		{5B53A767-A2FB-4D54-8EA7-0D97E6CCD2FE}.Mono|Any CPU.Build.0 = Debug|Any CPU
		{5B53A767-A2FB-4D54-8EA7-0D97E6CCD2FE}.Release|Any CPU.ActiveCfg = Release|Any CPU
		{5B53A767-A2FB-4D54-8EA7-0D97E6CCD2FE}.Release|Any CPU.Build.0 = Release|Any CPU
		{8A757E0D-A6B6-4339-8F48-4C000118DB9B}.Debug|Any CPU.ActiveCfg = Debug|Any CPU
		{8A757E0D-A6B6-4339-8F48-4C000118DB9B}.Debug|Any CPU.Build.0 = Debug|Any CPU
		{8A757E0D-A6B6-4339-8F48-4C000118DB9B}.Development|Any CPU.ActiveCfg = Development|Any CPU
		{8A757E0D-A6B6-4339-8F48-4C000118DB9B}.Development|Any CPU.Build.0 = Development|Any CPU
		{8A757E0D-A6B6-4339-8F48-4C000118DB9B}.Mono|Any CPU.ActiveCfg = Debug|Any CPU
		{8A757E0D-A6B6-4339-8F48-4C000118DB9B}.Mono|Any CPU.Build.0 = Debug|Any CPU
		{8A757E0D-A6B6-4339-8F48-4C000118DB9B}.Release|Any CPU.ActiveCfg = Release|Any CPU
		{8A757E0D-A6B6-4339-8F48-4C000118DB9B}.Release|Any CPU.Build.0 = Release|Any CPU
		{771BCA52-E47F-4FD2-AC25-0D78C0901C16}.Debug|Any CPU.ActiveCfg = Debug|Any CPU
		{771BCA52-E47F-4FD2-AC25-0D78C0901C16}.Debug|Any CPU.Build.0 = Debug|Any CPU
		{771BCA52-E47F-4FD2-AC25-0D78C0901C16}.Development|Any CPU.ActiveCfg = Debug|Any CPU
		{771BCA52-E47F-4FD2-AC25-0D78C0901C16}.Development|Any CPU.Build.0 = Debug|Any CPU
		{771BCA52-E47F-4FD2-AC25-0D78C0901C16}.Mono|Any CPU.ActiveCfg = Debug|Any CPU
		{771BCA52-E47F-4FD2-AC25-0D78C0901C16}.Mono|Any CPU.Build.0 = Debug|Any CPU
		{771BCA52-E47F-4FD2-AC25-0D78C0901C16}.Release|Any CPU.ActiveCfg = Release|Any CPU
		{771BCA52-E47F-4FD2-AC25-0D78C0901C16}.Release|Any CPU.Build.0 = Release|Any CPU
		{CDD699C4-5430-474A-A492-3E8641A66214}.Debug|Any CPU.ActiveCfg = Debug|Any CPU
		{CDD699C4-5430-474A-A492-3E8641A66214}.Debug|Any CPU.Build.0 = Debug|Any CPU
		{CDD699C4-5430-474A-A492-3E8641A66214}.Development|Any CPU.ActiveCfg = Development|Any CPU
		{CDD699C4-5430-474A-A492-3E8641A66214}.Development|Any CPU.Build.0 = Development|Any CPU
		{CDD699C4-5430-474A-A492-3E8641A66214}.Mono|Any CPU.ActiveCfg = Debug|Any CPU
		{CDD699C4-5430-474A-A492-3E8641A66214}.Mono|Any CPU.Build.0 = Debug|Any CPU
		{CDD699C4-5430-474A-A492-3E8641A66214}.Release|Any CPU.ActiveCfg = Release|Any CPU
		{CDD699C4-5430-474A-A492-3E8641A66214}.Release|Any CPU.Build.0 = Release|Any CPU
		{C0EEB959-6101-4527-862A-1835BF3A328A}.Debug|Any CPU.ActiveCfg = Debug|Any CPU
		{C0EEB959-6101-4527-862A-1835BF3A328A}.Debug|Any CPU.Build.0 = Debug|Any CPU
		{C0EEB959-6101-4527-862A-1835BF3A328A}.Development|Any CPU.ActiveCfg = Development|Any CPU
		{C0EEB959-6101-4527-862A-1835BF3A328A}.Development|Any CPU.Build.0 = Development|Any CPU
		{C0EEB959-6101-4527-862A-1835BF3A328A}.Mono|Any CPU.ActiveCfg = Debug|Any CPU
		{C0EEB959-6101-4527-862A-1835BF3A328A}.Mono|Any CPU.Build.0 = Debug|Any CPU
		{C0EEB959-6101-4527-862A-1835BF3A328A}.Release|Any CPU.ActiveCfg = Release|Any CPU
		{C0EEB959-6101-4527-862A-1835BF3A328A}.Release|Any CPU.Build.0 = Release|Any CPU
		{6A0B55FB-E72A-4A83-96E8-F84B50310535}.Debug|Any CPU.ActiveCfg = Debug|Any CPU
		{6A0B55FB-E72A-4A83-96E8-F84B50310535}.Debug|Any CPU.Build.0 = Debug|Any CPU
		{6A0B55FB-E72A-4A83-96E8-F84B50310535}.Development|Any CPU.ActiveCfg = Development|Any CPU
		{6A0B55FB-E72A-4A83-96E8-F84B50310535}.Development|Any CPU.Build.0 = Development|Any CPU
		{6A0B55FB-E72A-4A83-96E8-F84B50310535}.Mono|Any CPU.ActiveCfg = Debug|Any CPU
		{6A0B55FB-E72A-4A83-96E8-F84B50310535}.Mono|Any CPU.Build.0 = Debug|Any CPU
		{6A0B55FB-E72A-4A83-96E8-F84B50310535}.Release|Any CPU.ActiveCfg = Release|Any CPU
		{6A0B55FB-E72A-4A83-96E8-F84B50310535}.Release|Any CPU.Build.0 = Release|Any CPU
		{5DF1040E-282E-42E0-842A-8B5E4BCDC97C}.Debug|Any CPU.ActiveCfg = Debug|Any CPU
		{5DF1040E-282E-42E0-842A-8B5E4BCDC97C}.Debug|Any CPU.Build.0 = Debug|Any CPU
		{5DF1040E-282E-42E0-842A-8B5E4BCDC97C}.Development|Any CPU.ActiveCfg = Development|Any CPU
		{5DF1040E-282E-42E0-842A-8B5E4BCDC97C}.Development|Any CPU.Build.0 = Development|Any CPU
		{5DF1040E-282E-42E0-842A-8B5E4BCDC97C}.Mono|Any CPU.ActiveCfg = Debug|Any CPU
		{5DF1040E-282E-42E0-842A-8B5E4BCDC97C}.Mono|Any CPU.Build.0 = Debug|Any CPU
		{5DF1040E-282E-42E0-842A-8B5E4BCDC97C}.Release|Any CPU.ActiveCfg = Release|Any CPU
		{5DF1040E-282E-42E0-842A-8B5E4BCDC97C}.Release|Any CPU.Build.0 = Release|Any CPU
		{B8973A26-7294-430F-8146-9DE15AE4E52A}.Debug|Any CPU.ActiveCfg = Debug|Any CPU
		{B8973A26-7294-430F-8146-9DE15AE4E52A}.Debug|Any CPU.Build.0 = Debug|Any CPU
		{B8973A26-7294-430F-8146-9DE15AE4E52A}.Development|Any CPU.ActiveCfg = Development|Any CPU
		{B8973A26-7294-430F-8146-9DE15AE4E52A}.Development|Any CPU.Build.0 = Development|Any CPU
		{B8973A26-7294-430F-8146-9DE15AE4E52A}.Mono|Any CPU.ActiveCfg = Debug|Any CPU
		{B8973A26-7294-430F-8146-9DE15AE4E52A}.Mono|Any CPU.Build.0 = Debug|Any CPU
		{B8973A26-7294-430F-8146-9DE15AE4E52A}.Release|Any CPU.ActiveCfg = Release|Any CPU
		{B8973A26-7294-430F-8146-9DE15AE4E52A}.Release|Any CPU.Build.0 = Release|Any CPU
		{48BF942A-800E-4818-8874-EE9F0B461F60}.Debug|Any CPU.ActiveCfg = Debug|Any CPU
		{48BF942A-800E-4818-8874-EE9F0B461F60}.Debug|Any CPU.Build.0 = Debug|Any CPU
		{48BF942A-800E-4818-8874-EE9F0B461F60}.Development|Any CPU.ActiveCfg = Development|Any CPU
		{48BF942A-800E-4818-8874-EE9F0B461F60}.Development|Any CPU.Build.0 = Development|Any CPU
		{48BF942A-800E-4818-8874-EE9F0B461F60}.Mono|Any CPU.ActiveCfg = Debug|Any CPU
		{48BF942A-800E-4818-8874-EE9F0B461F60}.Mono|Any CPU.Build.0 = Debug|Any CPU
		{48BF942A-800E-4818-8874-EE9F0B461F60}.Release|Any CPU.ActiveCfg = Release|Any CPU
		{48BF942A-800E-4818-8874-EE9F0B461F60}.Release|Any CPU.Build.0 = Release|Any CPU
		{B8973A26-7294-430F-8146-9DE15AE4E52A}.Debug|Any CPU.ActiveCfg = Debug|Any CPU
		{B8973A26-7294-430F-8146-9DE15AE4E52A}.Debug|Any CPU.Build.0 = Debug|Any CPU
		{B8973A26-7294-430F-8146-9DE15AE4E52A}.Development|Any CPU.ActiveCfg = Development|Any CPU
		{B8973A26-7294-430F-8146-9DE15AE4E52A}.Development|Any CPU.Build.0 = Development|Any CPU
		{B8973A26-7294-430F-8146-9DE15AE4E52A}.Mono|Any CPU.ActiveCfg = Debug|Any CPU
		{B8973A26-7294-430F-8146-9DE15AE4E52A}.Mono|Any CPU.Build.0 = Debug|Any CPU
		{B8973A26-7294-430F-8146-9DE15AE4E52A}.Release|Any CPU.ActiveCfg = Release|Any CPU
		{B8973A26-7294-430F-8146-9DE15AE4E52A}.Release|Any CPU.Build.0 = Release|Any CPU
	EndGlobalSection
	GlobalSection(SolutionProperties) = preSolution
		HideSolutionNode = FALSE
	EndGlobalSection
	GlobalSection(NestedProjects) = preSolution
		{E0CCFF2A-C2DF-436C-B34C-A20215DA227A} = {069EBC5F-6863-431A-8576-D61EBE5B28FA}
		{6EC94694-B06C-4395-B73E-31647F988FBB} = {AC8924A6-5141-4F21-B45D-016F5892027F}
		{74DC0AA0-1B8A-47BF-BE38-4D7E15BAA259} = {6EC94694-B06C-4395-B73E-31647F988FBB}
		{ED2CE812-40F0-47F0-800B-0039E458F19B} = {1224947C-1CED-4EF2-9502-BC2D440F49D2}
		{CA015C57-B869-4743-9E28-2E12B2487E25} = {1224947C-1CED-4EF2-9502-BC2D440F49D2}
		{E3061A41-167F-4171-8D8B-0B5EE89175E5} = {1224947C-1CED-4EF2-9502-BC2D440F49D2}
		{53E5890B-D35A-47D3-ACCA-168C4075A9E1} = {1224947C-1CED-4EF2-9502-BC2D440F49D2}
		{36F7F617-EACD-4303-8719-A2F54B272BFE} = {1224947C-1CED-4EF2-9502-BC2D440F49D2}
		{CAA171E5-DBE6-4D84-B27B-CB129E8F9B5C} = {1224947C-1CED-4EF2-9502-BC2D440F49D2}
		{DC18C8CF-7555-4235-9865-92924C774760} = {1224947C-1CED-4EF2-9502-BC2D440F49D2}
		{A044774C-F22D-4A59-9516-2E78CB517940} = {1224947C-1CED-4EF2-9502-BC2D440F49D2}
		{11F16880-BE91-45E3-86AD-9C81F26C1392} = {1224947C-1CED-4EF2-9502-BC2D440F49D2}
		{E7254C17-E716-4552-B072-2431F6AD368D} = {1224947C-1CED-4EF2-9502-BC2D440F49D2}
		{C9E8BF8D-CE79-4CCA-A71C-D76A9A829A60} = {BC15EE70-1273-4C44-9395-914ADE50FBE1}
		{2E7DA3C0-A287-4B89-9834-2A458CB4CDF5} = {1224947C-1CED-4EF2-9502-BC2D440F49D2}
		{697F3644-8BB1-4137-A2C1-4EEC19A2E0B2} = {1224947C-1CED-4EF2-9502-BC2D440F49D2}
		{A6F3A64A-8F68-4BBC-B325-86626A07DFC2} = {BC15EE70-1273-4C44-9395-914ADE50FBE1}
		{DA1B09B4-8776-45F3-AF8F-B95698415934} = {BC15EE70-1273-4C44-9395-914ADE50FBE1}
		{29046651-E436-4A2F-9B6E-77ABEED53CD0} = {1224947C-1CED-4EF2-9502-BC2D440F49D2}
		{933E1B6B-D73F-4E10-90E3-805464FB3AF8} = {1224947C-1CED-4EF2-9502-BC2D440F49D2}
		{6C14B94E-45AB-4CF4-A12D-3555320A8F2C} = {AC8924A6-5141-4F21-B45D-016F5892027F}
		{DBAA1336-4597-4FA2-A51C-25D8213D95D9} = {6EC94694-B06C-4395-B73E-31647F988FBB}
		{F0F36A2C-BAEA-44C4-AD01-D61B81855E94} = {AC8924A6-5141-4F21-B45D-016F5892027F}
		{8F477BB8-2277-43E3-BF0B-035B0F4F1B46} = {D1DEBD67-8EB0-4119-A5DC-1F202475943C}
		{4F21DCCC-E8ED-49D3-9A24-1B4C82B7EA63} = {6EC94694-B06C-4395-B73E-31647F988FBB}
		{5B53A767-A2FB-4D54-8EA7-0D97E6CCD2FE} = {D1DEBD67-8EB0-4119-A5DC-1F202475943C}
		{8A757E0D-A6B6-4339-8F48-4C000118DB9B} = {6EC94694-B06C-4395-B73E-31647F988FBB}
		{771BCA52-E47F-4FD2-AC25-0D78C0901C16} = {6EC94694-B06C-4395-B73E-31647F988FBB}
		{CDD699C4-5430-474A-A492-3E8641A66214} = {6EC94694-B06C-4395-B73E-31647F988FBB}
		{C0EEB959-6101-4527-862A-1835BF3A328A} = {6EC94694-B06C-4395-B73E-31647F988FBB}
		{6A0B55FB-E72A-4A83-96E8-F84B50310535} = {6EC94694-B06C-4395-B73E-31647F988FBB}
		{8EE8DB49-5475-4030-B49A-8D3FF6E56CFE} = {A5961018-6CCE-489B-ADCA-43DC5C63480E}
		{5DF1040E-282E-42E0-842A-8B5E4BCDC97C} = {8EE8DB49-5475-4030-B49A-8D3FF6E56CFE}
		{73DCFB38-A031-441A-8120-9461DB3466FF} = {A5961018-6CCE-489B-ADCA-43DC5C63480E}
		{B8973A26-7294-430F-8146-9DE15AE4E52A} = {73DCFB38-A031-441A-8120-9461DB3466FF}
		{48BF942A-800E-4818-8874-EE9F0B461F60} = {6EC94694-B06C-4395-B73E-31647F988FBB}
		{8EE8DB49-5475-4030-B49A-8D3FF6E56CFE} = {A5961018-6CCE-489B-ADCA-43DC5C63480E}
		{5DF1040E-282E-42E0-842A-8B5E4BCDC97C} = {8EE8DB49-5475-4030-B49A-8D3FF6E56CFE}
		{73DCFB38-A031-441A-8120-9461DB3466FF} = {A5961018-6CCE-489B-ADCA-43DC5C63480E}
	EndGlobalSection
	GlobalSection(ExtensibilityGlobals) = postSolution
		SolutionGuid = {7F524668-5FE5-406F-B1D4-177A413C9DD6}
	EndGlobalSection
EndGlobal
