
Microsoft Visual Studio Solution File, Format Version 12.00
# Visual Studio Version 17
VisualStudioVersion = 17.7.34024.191
MinimumVisualStudioVersion = 10.0.40219.1
Project("{9A19103F-16F7-4668-BE54-9A1E7A4F7556}") = "openHistorian.Core", "Libraries\openHistorian.Core\openHistorian.Core.csproj", "{639E80DD-42F5-4A9B-9FF1-85C9A7597D71}"
EndProject
Project("{2150E333-8FDC-42A3-9474-1A3956D46DE8}") = "Documentation", "Documentation", "{069EBC5F-6863-431A-8576-D61EBE5B28FA}"
	ProjectSection(SolutionItems) = preProject
		..\docs\README.md = ..\docs\README.md
	EndProjectSection
EndProject
Project("{2150E333-8FDC-42A3-9474-1A3956D46DE8}") = "Libraries", "Libraries", "{AC8924A6-5141-4F21-B45D-016F5892027F}"
EndProject
Project("{2150E333-8FDC-42A3-9474-1A3956D46DE8}") = "UnitTests", "UnitTests", "{A5961018-6CCE-489B-ADCA-43DC5C63480E}"
EndProject
Project("{2150E333-8FDC-42A3-9474-1A3956D46DE8}") = "Tools", "Tools", "{D1DEBD67-8EB0-4119-A5DC-1F202475943C}"
EndProject
Project("{2150E333-8FDC-42A3-9474-1A3956D46DE8}") = "Solution Items", "Solution Items", "{5607DA60-4CD1-4EDF-ADCC-D642873D9045}"
	ProjectSection(SolutionItems) = preProject
		.editorconfig = .editorconfig
		..\.gitignore = ..\.gitignore
		..\LICENSE = ..\LICENSE
	EndProjectSection
EndProject
Project("{7CF6DF6D-3B04-46F8-A40B-537D21BCA0B4}") = "docgen", "DocGen\docgen.shfbproj", "{E0CCFF2A-C2DF-436C-B34C-A20215DA227A}"
EndProject
Project("{9A19103F-16F7-4668-BE54-9A1E7A4F7556}") = "openHistorian.UnitTests", "UnitTests\openHistorian.UnitTests.csproj", "{554D6095-55C9-4986-B7D2-9C632F2A9037}"
EndProject
Global
	GlobalSection(SolutionConfigurationPlatforms) = preSolution
		Debug|Any CPU = Debug|Any CPU
		Development|Any CPU = Development|Any CPU
		Release|Any CPU = Release|Any CPU
	EndGlobalSection
	GlobalSection(ProjectConfigurationPlatforms) = postSolution
		{639E80DD-42F5-4A9B-9FF1-85C9A7597D71}.Debug|Any CPU.ActiveCfg = Debug|Any CPU
		{639E80DD-42F5-4A9B-9FF1-85C9A7597D71}.Debug|Any CPU.Build.0 = Debug|Any CPU
		{639E80DD-42F5-4A9B-9FF1-85C9A7597D71}.Development|Any CPU.ActiveCfg = Debug|Any CPU
		{639E80DD-42F5-4A9B-9FF1-85C9A7597D71}.Development|Any CPU.Build.0 = Debug|Any CPU
		{639E80DD-42F5-4A9B-9FF1-85C9A7597D71}.Release|Any CPU.ActiveCfg = Release|Any CPU
		{639E80DD-42F5-4A9B-9FF1-85C9A7597D71}.Release|Any CPU.Build.0 = Release|Any CPU
		{E0CCFF2A-C2DF-436C-B34C-A20215DA227A}.Debug|Any CPU.ActiveCfg = Debug|Any CPU
		{E0CCFF2A-C2DF-436C-B34C-A20215DA227A}.Debug|Any CPU.Build.0 = Debug|Any CPU
		{E0CCFF2A-C2DF-436C-B34C-A20215DA227A}.Development|Any CPU.ActiveCfg = Debug|Any CPU
		{E0CCFF2A-C2DF-436C-B34C-A20215DA227A}.Development|Any CPU.Build.0 = Debug|Any CPU
		{E0CCFF2A-C2DF-436C-B34C-A20215DA227A}.Release|Any CPU.ActiveCfg = Release|Any CPU
		{E0CCFF2A-C2DF-436C-B34C-A20215DA227A}.Release|Any CPU.Build.0 = Release|Any CPU
		{554D6095-55C9-4986-B7D2-9C632F2A9037}.Debug|Any CPU.ActiveCfg = Debug|Any CPU
		{554D6095-55C9-4986-B7D2-9C632F2A9037}.Debug|Any CPU.Build.0 = Debug|Any CPU
		{554D6095-55C9-4986-B7D2-9C632F2A9037}.Development|Any CPU.ActiveCfg = Development|Any CPU
		{554D6095-55C9-4986-B7D2-9C632F2A9037}.Development|Any CPU.Build.0 = Development|Any CPU
		{554D6095-55C9-4986-B7D2-9C632F2A9037}.Release|Any CPU.ActiveCfg = Release|Any CPU
		{554D6095-55C9-4986-B7D2-9C632F2A9037}.Release|Any CPU.Build.0 = Release|Any CPU
	EndGlobalSection
	GlobalSection(SolutionProperties) = preSolution
		HideSolutionNode = FALSE
	EndGlobalSection
	GlobalSection(NestedProjects) = preSolution
		{639E80DD-42F5-4A9B-9FF1-85C9A7597D71} = {AC8924A6-5141-4F21-B45D-016F5892027F}
		{E0CCFF2A-C2DF-436C-B34C-A20215DA227A} = {069EBC5F-6863-431A-8576-D61EBE5B28FA}
		{554D6095-55C9-4986-B7D2-9C632F2A9037} = {A5961018-6CCE-489B-ADCA-43DC5C63480E}
	EndGlobalSection
	GlobalSection(ExtensibilityGlobals) = postSolution
		SolutionGuid = {7F524668-5FE5-406F-B1D4-177A413C9DD6}
	EndGlobalSection
EndGlobal
